
Microsoft Visual Studio Solution File, Format Version 12.00
# Visual Studio 15
VisualStudioVersion = 15.0.27130.2027
MinimumVisualStudioVersion = 10.0.40219.1
Project("{8BC9CEB8-8B4A-11D0-8D11-00A0C91BC942}") = "19_Boseong_05", "19_Boseong_05.vcxproj", "{1F8CE6B3-5DDF-443A-83B1-349713FE57D0}"
EndProject
Global
	GlobalSection(SolutionConfigurationPlatforms) = preSolution
		Debug|x64 = Debug|x64
		Debug|x86 = Debug|x86
		Release|x64 = Release|x64
		Release|x86 = Release|x86
	EndGlobalSection
	GlobalSection(ProjectConfigurationPlatforms) = postSolution
		{1F8CE6B3-5DDF-443A-83B1-349713FE57D0}.Debug|x64.ActiveCfg = Debug|x64
		{1F8CE6B3-5DDF-443A-83B1-349713FE57D0}.Debug|x64.Build.0 = Debug|x64
		{1F8CE6B3-5DDF-443A-83B1-349713FE57D0}.Debug|x86.ActiveCfg = Debug|Win32
		{1F8CE6B3-5DDF-443A-83B1-349713FE57D0}.Debug|x86.Build.0 = Debug|Win32
		{1F8CE6B3-5DDF-443A-83B1-349713FE57D0}.Release|x64.ActiveCfg = Release|x64
		{1F8CE6B3-5DDF-443A-83B1-349713FE57D0}.Release|x64.Build.0 = Release|x64
		{1F8CE6B3-5DDF-443A-83B1-349713FE57D0}.Release|x86.ActiveCfg = Release|Win32
		{1F8CE6B3-5DDF-443A-83B1-349713FE57D0}.Release|x86.Build.0 = Release|Win32
	EndGlobalSection
	GlobalSection(SolutionProperties) = preSolution
		HideSolutionNode = FALSE
	EndGlobalSection
	GlobalSection(ExtensibilityGlobals) = postSolution
		SolutionGuid = {0E06A615-ADEE-4E05-A7E3-3B2503F2002A}
	EndGlobalSection
EndGlobal
